
Microsoft Visual Studio Solution File, Format Version 12.00
# Visual Studio Version 17
VisualStudioVersion = 17.4.33103.184
MinimumVisualStudioVersion = 10.0.40219.1
Project("{FAE04EC0-301F-11D3-BF4B-00C04F79EFBC}") = "Esercizio_15", "Esercizio_15\Esercizio_15.csproj", "{3883B5E6-A666-4A8A-8590-FC3246369797}"
EndProject
Global
	GlobalSection(SolutionConfigurationPlatforms) = preSolution
		Debug|Any CPU = Debug|Any CPU
		Release|Any CPU = Release|Any CPU
	EndGlobalSection
	GlobalSection(ProjectConfigurationPlatforms) = postSolution
		{3883B5E6-A666-4A8A-8590-FC3246369797}.Debug|Any CPU.ActiveCfg = Debug|Any CPU
		{3883B5E6-A666-4A8A-8590-FC3246369797}.Debug|Any CPU.Build.0 = Debug|Any CPU
		{3883B5E6-A666-4A8A-8590-FC3246369797}.Release|Any CPU.ActiveCfg = Release|Any CPU
		{3883B5E6-A666-4A8A-8590-FC3246369797}.Release|Any CPU.Build.0 = Release|Any CPU
	EndGlobalSection
	GlobalSection(SolutionProperties) = preSolution
		HideSolutionNode = FALSE
	EndGlobalSection
	GlobalSection(ExtensibilityGlobals) = postSolution
		SolutionGuid = {9C64D89C-45ED-404A-92C3-D1F7CE7184BA}
	EndGlobalSection
EndGlobal
