
Microsoft Visual Studio Solution File, Format Version 12.00
# Visual Studio Version 17
VisualStudioVersion = 17.4.33103.184
MinimumVisualStudioVersion = 10.0.40219.1
Project("{FAE04EC0-301F-11D3-BF4B-00C04F79EFBC}") = "Età2", "Età2\Età2.csproj", "{6995A1F2-8CFA-41A2-B80D-FDAA4C2F2DE7}"
EndProject
Global
	GlobalSection(SolutionConfigurationPlatforms) = preSolution
		Debug|Any CPU = Debug|Any CPU
		Release|Any CPU = Release|Any CPU
	EndGlobalSection
	GlobalSection(ProjectConfigurationPlatforms) = postSolution
		{6995A1F2-8CFA-41A2-B80D-FDAA4C2F2DE7}.Debug|Any CPU.ActiveCfg = Debug|Any CPU
		{6995A1F2-8CFA-41A2-B80D-FDAA4C2F2DE7}.Debug|Any CPU.Build.0 = Debug|Any CPU
		{6995A1F2-8CFA-41A2-B80D-FDAA4C2F2DE7}.Release|Any CPU.ActiveCfg = Release|Any CPU
		{6995A1F2-8CFA-41A2-B80D-FDAA4C2F2DE7}.Release|Any CPU.Build.0 = Release|Any CPU
	EndGlobalSection
	GlobalSection(SolutionProperties) = preSolution
		HideSolutionNode = FALSE
	EndGlobalSection
	GlobalSection(ExtensibilityGlobals) = postSolution
		SolutionGuid = {708BD56D-7C61-41A8-B430-9A03AAE94B91}
	EndGlobalSection
EndGlobal
