
Microsoft Visual Studio Solution File, Format Version 12.00
# Visual Studio Version 17
VisualStudioVersion = 17.4.33103.184
MinimumVisualStudioVersion = 10.0.40219.1
Project("{FAE04EC0-301F-11D3-BF4B-00C04F79EFBC}") = "dd", "dd\dd.csproj", "{A8175FA8-7439-4864-9061-B7F8FD01C20E}"
EndProject
Global
	GlobalSection(SolutionConfigurationPlatforms) = preSolution
		Debug|Any CPU = Debug|Any CPU
		Release|Any CPU = Release|Any CPU
	EndGlobalSection
	GlobalSection(ProjectConfigurationPlatforms) = postSolution
		{A8175FA8-7439-4864-9061-B7F8FD01C20E}.Debug|Any CPU.ActiveCfg = Debug|Any CPU
		{A8175FA8-7439-4864-9061-B7F8FD01C20E}.Debug|Any CPU.Build.0 = Debug|Any CPU
		{A8175FA8-7439-4864-9061-B7F8FD01C20E}.Release|Any CPU.ActiveCfg = Release|Any CPU
		{A8175FA8-7439-4864-9061-B7F8FD01C20E}.Release|Any CPU.Build.0 = Release|Any CPU
	EndGlobalSection
	GlobalSection(SolutionProperties) = preSolution
		HideSolutionNode = FALSE
	EndGlobalSection
	GlobalSection(ExtensibilityGlobals) = postSolution
		SolutionGuid = {2BA5E4C6-7FF4-43C1-A5FE-F1C124C79B85}
	EndGlobalSection
EndGlobal
