
Microsoft Visual Studio Solution File, Format Version 12.00
# Visual Studio Version 17
VisualStudioVersion = 17.4.33103.184
MinimumVisualStudioVersion = 10.0.40219.1
Project("{FAE04EC0-301F-11D3-BF4B-00C04F79EFBC}") = "FrequenzaCaratteri", "FrequenzaCaratteri\FrequenzaCaratteri.csproj", "{3B46F245-E6F6-44E4-AA57-786B2D52B9E2}"
EndProject
Global
	GlobalSection(SolutionConfigurationPlatforms) = preSolution
		Debug|Any CPU = Debug|Any CPU
		Release|Any CPU = Release|Any CPU
	EndGlobalSection
	GlobalSection(ProjectConfigurationPlatforms) = postSolution
		{3B46F245-E6F6-44E4-AA57-786B2D52B9E2}.Debug|Any CPU.ActiveCfg = Debug|Any CPU
		{3B46F245-E6F6-44E4-AA57-786B2D52B9E2}.Debug|Any CPU.Build.0 = Debug|Any CPU
		{3B46F245-E6F6-44E4-AA57-786B2D52B9E2}.Release|Any CPU.ActiveCfg = Release|Any CPU
		{3B46F245-E6F6-44E4-AA57-786B2D52B9E2}.Release|Any CPU.Build.0 = Release|Any CPU
	EndGlobalSection
	GlobalSection(SolutionProperties) = preSolution
		HideSolutionNode = FALSE
	EndGlobalSection
	GlobalSection(ExtensibilityGlobals) = postSolution
		SolutionGuid = {E91534D7-852E-46F4-B250-79744C9BD37F}
	EndGlobalSection
EndGlobal
