
Microsoft Visual Studio Solution File, Format Version 12.00
# Visual Studio Version 17
VisualStudioVersion = 17.4.33103.184
MinimumVisualStudioVersion = 10.0.40219.1
Project("{FAE04EC0-301F-11D3-BF4B-00C04F79EFBC}") = "Enumeratori", "Enumeratori\Enumeratori.csproj", "{14213D37-C521-4C18-B697-05E7E39D4DF1}"
EndProject
Global
	GlobalSection(SolutionConfigurationPlatforms) = preSolution
		Debug|Any CPU = Debug|Any CPU
		Release|Any CPU = Release|Any CPU
	EndGlobalSection
	GlobalSection(ProjectConfigurationPlatforms) = postSolution
		{14213D37-C521-4C18-B697-05E7E39D4DF1}.Debug|Any CPU.ActiveCfg = Debug|Any CPU
		{14213D37-C521-4C18-B697-05E7E39D4DF1}.Debug|Any CPU.Build.0 = Debug|Any CPU
		{14213D37-C521-4C18-B697-05E7E39D4DF1}.Release|Any CPU.ActiveCfg = Release|Any CPU
		{14213D37-C521-4C18-B697-05E7E39D4DF1}.Release|Any CPU.Build.0 = Release|Any CPU
	EndGlobalSection
	GlobalSection(SolutionProperties) = preSolution
		HideSolutionNode = FALSE
	EndGlobalSection
	GlobalSection(ExtensibilityGlobals) = postSolution
		SolutionGuid = {259C2519-0D51-46E8-8006-759C649CE33C}
	EndGlobalSection
EndGlobal
