
Microsoft Visual Studio Solution File, Format Version 12.00
# Visual Studio Version 17
VisualStudioVersion = 17.4.33103.184
MinimumVisualStudioVersion = 10.0.40219.1
Project("{FAE04EC0-301F-11D3-BF4B-00C04F79EFBC}") = "AnagraficaListeCSV", "AnagraficaListeCSV\AnagraficaListeCSV.csproj", "{84A97372-9A9E-41B3-9A9E-D4F01BF6376A}"
EndProject
Global
	GlobalSection(SolutionConfigurationPlatforms) = preSolution
		Debug|Any CPU = Debug|Any CPU
		Release|Any CPU = Release|Any CPU
	EndGlobalSection
	GlobalSection(ProjectConfigurationPlatforms) = postSolution
		{84A97372-9A9E-41B3-9A9E-D4F01BF6376A}.Debug|Any CPU.ActiveCfg = Debug|Any CPU
		{84A97372-9A9E-41B3-9A9E-D4F01BF6376A}.Debug|Any CPU.Build.0 = Debug|Any CPU
		{84A97372-9A9E-41B3-9A9E-D4F01BF6376A}.Release|Any CPU.ActiveCfg = Release|Any CPU
		{84A97372-9A9E-41B3-9A9E-D4F01BF6376A}.Release|Any CPU.Build.0 = Release|Any CPU
	EndGlobalSection
	GlobalSection(SolutionProperties) = preSolution
		HideSolutionNode = FALSE
	EndGlobalSection
	GlobalSection(ExtensibilityGlobals) = postSolution
		SolutionGuid = {1C9E93EF-6D24-4CAE-B469-60CF60DE663A}
	EndGlobalSection
EndGlobal
