
Microsoft Visual Studio Solution File, Format Version 12.00
# Visual Studio Version 17
VisualStudioVersion = 17.4.33103.184
MinimumVisualStudioVersion = 10.0.40219.1
Project("{FAE04EC0-301F-11D3-BF4B-00C04F79EFBC}") = "laMaestraVaInGita", "laMaestraVaInGita\laMaestraVaInGita.csproj", "{B4DBBA6C-9BA4-471C-AFDD-38823ED0642E}"
EndProject
Global
	GlobalSection(SolutionConfigurationPlatforms) = preSolution
		Debug|Any CPU = Debug|Any CPU
		Release|Any CPU = Release|Any CPU
	EndGlobalSection
	GlobalSection(ProjectConfigurationPlatforms) = postSolution
		{B4DBBA6C-9BA4-471C-AFDD-38823ED0642E}.Debug|Any CPU.ActiveCfg = Debug|Any CPU
		{B4DBBA6C-9BA4-471C-AFDD-38823ED0642E}.Debug|Any CPU.Build.0 = Debug|Any CPU
		{B4DBBA6C-9BA4-471C-AFDD-38823ED0642E}.Release|Any CPU.ActiveCfg = Release|Any CPU
		{B4DBBA6C-9BA4-471C-AFDD-38823ED0642E}.Release|Any CPU.Build.0 = Release|Any CPU
	EndGlobalSection
	GlobalSection(SolutionProperties) = preSolution
		HideSolutionNode = FALSE
	EndGlobalSection
	GlobalSection(ExtensibilityGlobals) = postSolution
		SolutionGuid = {2D0646C1-2DEB-40D5-B528-47C14428D9D1}
	EndGlobalSection
EndGlobal
