
Microsoft Visual Studio Solution File, Format Version 12.00
# Visual Studio Version 17
VisualStudioVersion = 17.4.33103.184
MinimumVisualStudioVersion = 10.0.40219.1
Project("{FAE04EC0-301F-11D3-BF4B-00C04F79EFBC}") = "RealizzazioneMenù", "RealizzazioneMenù\RealizzazioneMenù.csproj", "{DF96291E-D131-432E-A233-7F5F8F729B66}"
EndProject
Global
	GlobalSection(SolutionConfigurationPlatforms) = preSolution
		Debug|Any CPU = Debug|Any CPU
		Release|Any CPU = Release|Any CPU
	EndGlobalSection
	GlobalSection(ProjectConfigurationPlatforms) = postSolution
		{DF96291E-D131-432E-A233-7F5F8F729B66}.Debug|Any CPU.ActiveCfg = Debug|Any CPU
		{DF96291E-D131-432E-A233-7F5F8F729B66}.Debug|Any CPU.Build.0 = Debug|Any CPU
		{DF96291E-D131-432E-A233-7F5F8F729B66}.Release|Any CPU.ActiveCfg = Release|Any CPU
		{DF96291E-D131-432E-A233-7F5F8F729B66}.Release|Any CPU.Build.0 = Release|Any CPU
	EndGlobalSection
	GlobalSection(SolutionProperties) = preSolution
		HideSolutionNode = FALSE
	EndGlobalSection
	GlobalSection(ExtensibilityGlobals) = postSolution
		SolutionGuid = {A39713F5-D39E-4047-BE6E-EBA109B770A6}
	EndGlobalSection
EndGlobal
