
Microsoft Visual Studio Solution File, Format Version 12.00
# Visual Studio Version 17
VisualStudioVersion = 17.4.33103.184
MinimumVisualStudioVersion = 10.0.40219.1
Project("{FAE04EC0-301F-11D3-BF4B-00C04F79EFBC}") = "ConvDecToBin", "ConvDecToBin\ConvDecToBin.csproj", "{75EF70D0-EACC-435F-A1A1-B4D7EB39D0D6}"
EndProject
Global
	GlobalSection(SolutionConfigurationPlatforms) = preSolution
		Debug|Any CPU = Debug|Any CPU
		Release|Any CPU = Release|Any CPU
	EndGlobalSection
	GlobalSection(ProjectConfigurationPlatforms) = postSolution
		{75EF70D0-EACC-435F-A1A1-B4D7EB39D0D6}.Debug|Any CPU.ActiveCfg = Debug|Any CPU
		{75EF70D0-EACC-435F-A1A1-B4D7EB39D0D6}.Debug|Any CPU.Build.0 = Debug|Any CPU
		{75EF70D0-EACC-435F-A1A1-B4D7EB39D0D6}.Release|Any CPU.ActiveCfg = Release|Any CPU
		{75EF70D0-EACC-435F-A1A1-B4D7EB39D0D6}.Release|Any CPU.Build.0 = Release|Any CPU
	EndGlobalSection
	GlobalSection(SolutionProperties) = preSolution
		HideSolutionNode = FALSE
	EndGlobalSection
	GlobalSection(ExtensibilityGlobals) = postSolution
		SolutionGuid = {A4A09E62-E983-4C50-9909-92C650C4BFBC}
	EndGlobalSection
EndGlobal
