
Microsoft Visual Studio Solution File, Format Version 12.00
# Visual Studio Version 17
VisualStudioVersion = 17.4.33103.184
MinimumVisualStudioVersion = 10.0.40219.1
Project("{FAE04EC0-301F-11D3-BF4B-00C04F79EFBC}") = "RuoteVenezianeComplete", "RuoteVenezianeComplete\RuoteVenezianeComplete.csproj", "{FD4160F2-7DFB-488A-96DE-E3833173AB50}"
EndProject
Global
	GlobalSection(SolutionConfigurationPlatforms) = preSolution
		Debug|Any CPU = Debug|Any CPU
		Release|Any CPU = Release|Any CPU
	EndGlobalSection
	GlobalSection(ProjectConfigurationPlatforms) = postSolution
		{FD4160F2-7DFB-488A-96DE-E3833173AB50}.Debug|Any CPU.ActiveCfg = Debug|Any CPU
		{FD4160F2-7DFB-488A-96DE-E3833173AB50}.Debug|Any CPU.Build.0 = Debug|Any CPU
		{FD4160F2-7DFB-488A-96DE-E3833173AB50}.Release|Any CPU.ActiveCfg = Release|Any CPU
		{FD4160F2-7DFB-488A-96DE-E3833173AB50}.Release|Any CPU.Build.0 = Release|Any CPU
	EndGlobalSection
	GlobalSection(SolutionProperties) = preSolution
		HideSolutionNode = FALSE
	EndGlobalSection
	GlobalSection(ExtensibilityGlobals) = postSolution
		SolutionGuid = {707AE11E-14B1-4E94-A1EC-2A8918E49A6F}
	EndGlobalSection
EndGlobal
