
Microsoft Visual Studio Solution File, Format Version 12.00
# Visual Studio Version 17
VisualStudioVersion = 17.4.33103.184
MinimumVisualStudioVersion = 10.0.40219.1
Project("{FAE04EC0-301F-11D3-BF4B-00C04F79EFBC}") = "PersoneStudenti", "PersoneStudenti\PersoneStudenti.csproj", "{40B0A413-979B-4FBA-A251-57EB7E990855}"
EndProject
Global
	GlobalSection(SolutionConfigurationPlatforms) = preSolution
		Debug|Any CPU = Debug|Any CPU
		Release|Any CPU = Release|Any CPU
	EndGlobalSection
	GlobalSection(ProjectConfigurationPlatforms) = postSolution
		{40B0A413-979B-4FBA-A251-57EB7E990855}.Debug|Any CPU.ActiveCfg = Debug|Any CPU
		{40B0A413-979B-4FBA-A251-57EB7E990855}.Debug|Any CPU.Build.0 = Debug|Any CPU
		{40B0A413-979B-4FBA-A251-57EB7E990855}.Release|Any CPU.ActiveCfg = Release|Any CPU
		{40B0A413-979B-4FBA-A251-57EB7E990855}.Release|Any CPU.Build.0 = Release|Any CPU
	EndGlobalSection
	GlobalSection(SolutionProperties) = preSolution
		HideSolutionNode = FALSE
	EndGlobalSection
	GlobalSection(ExtensibilityGlobals) = postSolution
		SolutionGuid = {1CE96571-CB8D-4D6C-BD8C-94D6D0E7D3D1}
	EndGlobalSection
EndGlobal
